{
  "requires": true,
  "lockfileVersion": 1,
  "dependencies": {
    "eslint": {
      "version": "6.2.2",
      "resolved": "https://registry.npm.taobao.org/eslint/download/eslint-6.2.2.tgz",
      "dev": true,
      "dependencies": {
        "@babel/code-frame": {
          "version": "https://registry.npm.taobao.org/@babel/code-frame/download/@babel/code-frame-7.5.5.tgz",
          "dependencies": {
            "@babel/highlight": {
              "version": "https://registry.npm.taobao.org/@babel/highlight/download/@babel/highlight-7.5.0.tgz",
              "bundled": true
            }
          }
        },
        "ajv": {
          "version": "https://registry.npm.taobao.org/ajv/download/ajv-6.10.2.tgz",
          "dependencies": {
            "fast-deep-equal": {
              "version": "https://registry.npm.taobao.org/fast-deep-equal/download/fast-deep-equal-2.0.1.tgz?cache=0&sync_timestamp=1562517919182&other_urls=https%3A%2F%2Fregistry.npm.taobao.org%2Ffast-deep-equal%2Fdownload%2Ffast-deep-equal-2.0.1.tgz"
            },
            "fast-json-stable-stringify": {
              "version": "https://registry.npm.taobao.org/fast-json-stable-stringify/download/fast-json-stable-stringify-2.0.0.tgz"
            },
            "json-schema-traverse": {
              "version": "https://registry.npm.taobao.org/json-schema-traverse/download/json-schema-traverse-0.4.1.tgz"
            },
            "uri-js": {
              "version": "https://registry.npm.taobao.org/uri-js/download/uri-js-4.2.2.tgz"
            }
          }
        },
        "chalk": {
          "version": "https://registry.npm.taobao.org/chalk/download/chalk-2.4.2.tgz",
          "dependencies": {
            "ansi-styles": {
              "version": "https://registry.npm.taobao.org/ansi-styles/download/ansi-styles-3.2.1.tgz?cache=0&sync_timestamp=1566430562325&other_urls=https%3A%2F%2Fregistry.npm.taobao.org%2Fansi-styles%2Fdownload%2Fansi-styles-3.2.1.tgz",
              "bundled": true
            },
            "escape-string-regexp": {
              "version": "https://registry.npm.taobao.org/escape-string-regexp/download/escape-string-regexp-1.0.5.tgz?cache=0&other_urls=https%3A%2F%2Fregistry.npm.taobao.org%2Fescape-string-regexp%2Fdownload%2Fescape-string-regexp-1.0.5.tgz",
              "bundled": true
            },
            "supports-color": {
              "version": "https://registry.npm.taobao.org/supports-color/download/supports-color-5.5.0.tgz",
              "bundled": true
            }
          }
        },
        "cross-spawn": {
          "version": "https://registry.npm.taobao.org/cross-spawn/download/cross-spawn-6.0.5.tgz"
        },
        "debug": {
          "version": "https://registry.npm.taobao.org/debug/download/debug-4.1.1.tgz"
        },
        "doctrine": {
          "version": "https://registry.npm.taobao.org/doctrine/download/doctrine-3.0.0.tgz?cache=0&other_urls=https%3A%2F%2Fregistry.npm.taobao.org%2Fdoctrine%2Fdownload%2Fdoctrine-3.0.0.tgz"
        },
        "eslint-scope": {
          "version": "https://registry.npm.taobao.org/eslint-scope/download/eslint-scope-5.0.0.tgz?cache=0&other_urls=https%3A%2F%2Fregistry.npm.taobao.org%2Feslint-scope%2Fdownload%2Feslint-scope-5.0.0.tgz"
        },
        "eslint-utils": {
          "version": "https://registry.npm.taobao.org/eslint-utils/download/eslint-utils-1.4.2.tgz?cache=0&sync_timestamp=1566297013046&other_urls=https%3A%2F%2Fregistry.npm.taobao.org%2Feslint-utils%2Fdownload%2Feslint-utils-1.4.2.tgz"
        },
        "eslint-visitor-keys": {
          "version": "https://registry.npm.taobao.org/eslint-visitor-keys/download/eslint-visitor-keys-1.1.0.tgz?cache=0&sync_timestamp=1565705523991&other_urls=https%3A%2F%2Fregistry.npm.taobao.org%2Feslint-visitor-keys%2Fdownload%2Feslint-visitor-keys-1.1.0.tgz"
        },
        "espree": {
          "version": "https://registry.npm.taobao.org/espree/download/espree-6.1.1.tgz?cache=0&sync_timestamp=1566612152812&other_urls=https%3A%2F%2Fregistry.npm.taobao.org%2Fespree%2Fdownload%2Fespree-6.1.1.tgz"
        },
        "esquery": {
          "version": "https://registry.npm.taobao.org/esquery/download/esquery-1.0.1.tgz"
        },
        "esutils": {
          "version": "https://registry.npm.taobao.org/esutils/download/esutils-2.0.3.tgz"
        },
        "file-entry-cache": {
          "version": "https://registry.npm.taobao.org/file-entry-cache/download/file-entry-cache-5.0.1.tgz"
        },
        "functional-red-black-tree": {
          "version": "https://registry.npm.taobao.org/functional-red-black-tree/download/functional-red-black-tree-1.0.1.tgz"
        },
        "glob-parent": {
          "version": "https://registry.npm.taobao.org/glob-parent/download/glob-parent-5.0.0.tgz"
        },
        "globals": {
          "version": "https://registry.npm.taobao.org/globals/download/globals-11.12.0.tgz?cache=0&sync_timestamp=1563721993391&other_urls=https%3A%2F%2Fregistry.npm.taobao.org%2Fglobals%2Fdownload%2Fglobals-11.12.0.tgz"
        },
        "ignore": {
          "version": "https://registry.npm.taobao.org/ignore/download/ignore-4.0.6.tgz"
        },
        "import-fresh": {
          "version": "https://registry.npm.taobao.org/import-fresh/download/import-fresh-3.1.0.tgz"
        },
        "imurmurhash": {
          "version": "https://registry.npm.taobao.org/imurmurhash/download/imurmurhash-0.1.4.tgz"
        },
        "inquirer": {
          "version": "https://registry.npm.taobao.org/inquirer/download/inquirer-6.5.2.tgz"
        },
        "is-glob": {
          "version": "https://registry.npm.taobao.org/is-glob/download/is-glob-4.0.1.tgz",
          "dependencies": {
            "is-extglob": {
              "version": "https://registry.npm.taobao.org/is-extglob/download/is-extglob-2.1.1.tgz",
              "bundled": true
            }
          }
        },
        "js-yaml": {
          "version": "https://registry.npm.taobao.org/js-yaml/download/js-yaml-3.13.1.tgz"
        },
        "json-stable-stringify-without-jsonify": {
          "version": "https://registry.npm.taobao.org/json-stable-stringify-without-jsonify/download/json-stable-stringify-without-jsonify-1.0.1.tgz"
        },
        "levn": {
          "version": "https://registry.npm.taobao.org/levn/download/levn-0.3.0.tgz"
        },
        "lodash": {
          "version": "https://registry.npm.taobao.org/lodash/download/lodash-4.17.15.tgz?cache=0&other_urls=https%3A%2F%2Fregistry.npm.taobao.org%2Flodash%2Fdownload%2Flodash-4.17.15.tgz"
        },
        "minimatch": {
          "version": "https://registry.npm.taobao.org/minimatch/download/minimatch-3.0.4.tgz?cache=0&other_urls=https%3A%2F%2Fregistry.npm.taobao.org%2Fminimatch%2Fdownload%2Fminimatch-3.0.4.tgz",
          "dependencies": {
            "brace-expansion": {
              "version": "https://registry.npm.taobao.org/brace-expansion/download/brace-expansion-1.1.11.tgz"
            }
          }
        },
        "mkdirp": {
          "version": "https://registry.npm.taobao.org/mkdirp/download/mkdirp-0.5.1.tgz",
          "dependencies": {
            "minimist": {
              "version": "https://registry.npm.taobao.org/minimist/download/minimist-0.0.8.tgz",
              "bundled": true
            }
          }
        },
        "natural-compare": {
          "version": "https://registry.npm.taobao.org/natural-compare/download/natural-compare-1.4.0.tgz"
        },
        "optionator": {
          "version": "https://registry.npm.taobao.org/optionator/download/optionator-0.8.2.tgz"
        },
        "progress": {
          "version": "https://registry.npm.taobao.org/progress/download/progress-2.0.3.tgz"
        },
        "regexpp": {
          "version": "https://registry.npm.taobao.org/regexpp/download/regexpp-2.0.1.tgz"
        },
        "semver": {
          "version": "https://registry.npm.taobao.org/semver/download/semver-6.3.0.tgz?cache=0&sync_timestamp=1565627380363&other_urls=https%3A%2F%2Fregistry.npm.taobao.org%2Fsemver%2Fdownload%2Fsemver-6.3.0.tgz"
        },
        "strip-ansi": {
          "version": "https://registry.npm.taobao.org/strip-ansi/download/strip-ansi-5.2.0.tgz",
          "dependencies": {
            "ansi-regex": {
              "version": "https://registry.npm.taobao.org/ansi-regex/download/ansi-regex-4.1.0.tgz",
              "bundled": true
            }
          }
        },
        "strip-json-comments": {
          "version": "https://registry.npm.taobao.org/strip-json-comments/download/strip-json-comments-3.0.1.tgz?cache=0&other_urls=https%3A%2F%2Fregistry.npm.taobao.org%2Fstrip-json-comments%2Fdownload%2Fstrip-json-comments-3.0.1.tgz"
        },
        "table": {
          "version": "https://registry.npm.taobao.org/table/download/table-5.4.6.tgz"
        },
        "text-table": {
          "version": "https://registry.npm.taobao.org/text-table/download/text-table-0.2.0.tgz"
        },
        "v8-compile-cache": {
          "version": "https://registry.npm.taobao.org/v8-compile-cache/download/v8-compile-cache-2.1.0.tgz"
        }
      }
    },
    "vue": {
      "version": "2.6.10",
      "resolved": "https://registry.npm.taobao.org/vue/download/vue-2.6.10.tgz",
      "integrity": "sha1-pysaQqTYKnIepDjRtr9V5mGVxjc=",
      "dev": true
    }
  }
}
